
Microsoft Visual Studio Solution File, Format Version 12.00
# Visual Studio Version 16
VisualStudioVersion = 16.0.29209.62
MinimumVisualStudioVersion = 10.0.40219.1
Project("{FAE04EC0-301F-11D3-BF4B-00C04F79EFBC}") = "FamilyTreeNet", "FamilyTreeNet\FamilyTreeNet.csproj", "{AC9F7592-2B42-49A0-B4A0-B1B62F28F6DD}"
EndProject
Global
	GlobalSection(SolutionConfigurationPlatforms) = preSolution
		Debug|Any CPU = Debug|Any CPU
		Release|Any CPU = Release|Any CPU
	EndGlobalSection
	GlobalSection(ProjectConfigurationPlatforms) = postSolution
		{AC9F7592-2B42-49A0-B4A0-B1B62F28F6DD}.Debug|Any CPU.ActiveCfg = Debug|Any CPU
		{AC9F7592-2B42-49A0-B4A0-B1B62F28F6DD}.Debug|Any CPU.Build.0 = Debug|Any CPU
		{AC9F7592-2B42-49A0-B4A0-B1B62F28F6DD}.Release|Any CPU.ActiveCfg = Release|Any CPU
		{AC9F7592-2B42-49A0-B4A0-B1B62F28F6DD}.Release|Any CPU.Build.0 = Release|Any CPU
	EndGlobalSection
	GlobalSection(SolutionProperties) = preSolution
		HideSolutionNode = FALSE
	EndGlobalSection
	GlobalSection(ExtensibilityGlobals) = postSolution
		SolutionGuid = {FF49B27E-4257-479A-904A-F401EA488E17}
	EndGlobalSection
EndGlobal
