
Microsoft Visual Studio Solution File, Format Version 12.00
# Visual Studio Version 16
VisualStudioVersion = 16.0.29209.62
MinimumVisualStudioVersion = 10.0.40219.1
Project("{9A19103F-16F7-4668-BE54-9A1E7A4F7556}") = "FamilyTreeNet", "FamilyTreeNet\FamilyTreeNet.csproj", "{AC9F7592-2B42-49A0-B4A0-B1B62F28F6DD}"
EndProject
Project("{FAE04EC0-301F-11D3-BF4B-00C04F79EFBC}") = "FamilyTreeNet.Core", "FamilyTreeNet.Core\FamilyTreeNet.Core.csproj", "{53F5A548-168D-4A3A-BDD4-17CBA8BD9DFD}"
EndProject
Project("{FAE04EC0-301F-11D3-BF4B-00C04F79EFBC}") = "FamilyTree.Infra", "FamilyTree.Infra\FamilyTree.Infra.csproj", "{BFE21997-A1DD-49AE-BDFF-04DDF748B8CC}"
EndProject
Global
	GlobalSection(SolutionConfigurationPlatforms) = preSolution
		Debug|Any CPU = Debug|Any CPU
		Release|Any CPU = Release|Any CPU
	EndGlobalSection
	GlobalSection(ProjectConfigurationPlatforms) = postSolution
		{AC9F7592-2B42-49A0-B4A0-B1B62F28F6DD}.Debug|Any CPU.ActiveCfg = Debug|Any CPU
		{AC9F7592-2B42-49A0-B4A0-B1B62F28F6DD}.Debug|Any CPU.Build.0 = Debug|Any CPU
		{AC9F7592-2B42-49A0-B4A0-B1B62F28F6DD}.Release|Any CPU.ActiveCfg = Release|Any CPU
		{AC9F7592-2B42-49A0-B4A0-B1B62F28F6DD}.Release|Any CPU.Build.0 = Release|Any CPU
		{53F5A548-168D-4A3A-BDD4-17CBA8BD9DFD}.Debug|Any CPU.ActiveCfg = Debug|Any CPU
		{53F5A548-168D-4A3A-BDD4-17CBA8BD9DFD}.Debug|Any CPU.Build.0 = Debug|Any CPU
		{53F5A548-168D-4A3A-BDD4-17CBA8BD9DFD}.Release|Any CPU.ActiveCfg = Release|Any CPU
		{53F5A548-168D-4A3A-BDD4-17CBA8BD9DFD}.Release|Any CPU.Build.0 = Release|Any CPU
		{BFE21997-A1DD-49AE-BDFF-04DDF748B8CC}.Debug|Any CPU.ActiveCfg = Debug|Any CPU
		{BFE21997-A1DD-49AE-BDFF-04DDF748B8CC}.Debug|Any CPU.Build.0 = Debug|Any CPU
		{BFE21997-A1DD-49AE-BDFF-04DDF748B8CC}.Release|Any CPU.ActiveCfg = Release|Any CPU
		{BFE21997-A1DD-49AE-BDFF-04DDF748B8CC}.Release|Any CPU.Build.0 = Release|Any CPU
	EndGlobalSection
	GlobalSection(SolutionProperties) = preSolution
		HideSolutionNode = FALSE
	EndGlobalSection
	GlobalSection(ExtensibilityGlobals) = postSolution
		SolutionGuid = {FF49B27E-4257-479A-904A-F401EA488E17}
	EndGlobalSection
EndGlobal
