
Microsoft Visual Studio Solution File, Format Version 12.00
# Visual Studio Version 16
VisualStudioVersion = 16.0.29209.62
MinimumVisualStudioVersion = 10.0.40219.1
Project("{9A19103F-16F7-4668-BE54-9A1E7A4F7556}") = "FamilyTreeNet", "FamilyTreeNet\FamilyTreeNet.csproj", "{AC9F7592-2B42-49A0-B4A0-B1B62F28F6DD}"
EndProject
Project("{9A19103F-16F7-4668-BE54-9A1E7A4F7556}") = "FamilyTreeNet.Core", "FamilyTreeNet.Core\FamilyTreeNet.Core.csproj", "{53F5A548-168D-4A3A-BDD4-17CBA8BD9DFD}"
EndProject
Project("{9A19103F-16F7-4668-BE54-9A1E7A4F7556}") = "FamilyTree.Infra", "FamilyTree.Infra\FamilyTree.Infra.csproj", "{BFE21997-A1DD-49AE-BDFF-04DDF748B8CC}"
EndProject
Project("{2150E333-8FDC-42A3-9474-1A3956D46DE8}") = "Solution Items", "Solution Items", "{4360A58F-CE1B-4AEA-8426-C8FF919F077E}"
	ProjectSection(SolutionItems) = preProject
		.editorconfig = .editorconfig
	EndProjectSection
EndProject
Global
	GlobalSection(SolutionConfigurationPlatforms) = preSolution
		Debug|Any CPU = Debug|Any CPU
		Release|Any CPU = Release|Any CPU
	EndGlobalSection
	GlobalSection(ProjectConfigurationPlatforms) = postSolution
		{AC9F7592-2B42-49A0-B4A0-B1B62F28F6DD}.Debug|Any CPU.ActiveCfg = Debug|Any CPU
		{AC9F7592-2B42-49A0-B4A0-B1B62F28F6DD}.Debug|Any CPU.Build.0 = Debug|Any CPU
		{AC9F7592-2B42-49A0-B4A0-B1B62F28F6DD}.Release|Any CPU.ActiveCfg = Release|Any CPU
		{AC9F7592-2B42-49A0-B4A0-B1B62F28F6DD}.Release|Any CPU.Build.0 = Release|Any CPU
		{53F5A548-168D-4A3A-BDD4-17CBA8BD9DFD}.Debug|Any CPU.ActiveCfg = Debug|Any CPU
		{53F5A548-168D-4A3A-BDD4-17CBA8BD9DFD}.Debug|Any CPU.Build.0 = Debug|Any CPU
		{53F5A548-168D-4A3A-BDD4-17CBA8BD9DFD}.Release|Any CPU.ActiveCfg = Release|Any CPU
		{53F5A548-168D-4A3A-BDD4-17CBA8BD9DFD}.Release|Any CPU.Build.0 = Release|Any CPU
		{BFE21997-A1DD-49AE-BDFF-04DDF748B8CC}.Debug|Any CPU.ActiveCfg = Debug|Any CPU
		{BFE21997-A1DD-49AE-BDFF-04DDF748B8CC}.Debug|Any CPU.Build.0 = Debug|Any CPU
		{BFE21997-A1DD-49AE-BDFF-04DDF748B8CC}.Release|Any CPU.ActiveCfg = Release|Any CPU
		{BFE21997-A1DD-49AE-BDFF-04DDF748B8CC}.Release|Any CPU.Build.0 = Release|Any CPU
	EndGlobalSection
	GlobalSection(SolutionProperties) = preSolution
		HideSolutionNode = FALSE
	EndGlobalSection
	GlobalSection(ExtensibilityGlobals) = postSolution
		SolutionGuid = {FF49B27E-4257-479A-904A-F401EA488E17}
	EndGlobalSection
EndGlobal
